
Microsoft Visual Studio Solution File, Format Version 12.00
# Visual Studio 15
VisualStudioVersion = 15.0.28307.1401
MinimumVisualStudioVersion = 10.0.40219.1
Project("{9A19103F-16F7-4668-BE54-9A1E7A4F7556}") = "WeatherAPI", "WeatherAPI\WeatherAPI.csproj", "{3336DD09-9321-4C7A-97B9-1FE7C531FD56}"
EndProject
Project("{FAE04EC0-301F-11D3-BF4B-00C04F79EFBC}") = "WeatherAPITest", "WeatherAPITest\WeatherAPITest.csproj", "{1370E977-C7AA-41E6-AF22-32E26143B63B}"
EndProject
Global
	GlobalSection(SolutionConfigurationPlatforms) = preSolution
		Debug|Any CPU = Debug|Any CPU
		Release|Any CPU = Release|Any CPU
	EndGlobalSection
	GlobalSection(ProjectConfigurationPlatforms) = postSolution
		{3336DD09-9321-4C7A-97B9-1FE7C531FD56}.Debug|Any CPU.ActiveCfg = Debug|Any CPU
		{3336DD09-9321-4C7A-97B9-1FE7C531FD56}.Debug|Any CPU.Build.0 = Debug|Any CPU
		{3336DD09-9321-4C7A-97B9-1FE7C531FD56}.Release|Any CPU.ActiveCfg = Release|Any CPU
		{3336DD09-9321-4C7A-97B9-1FE7C531FD56}.Release|Any CPU.Build.0 = Release|Any CPU
		{1370E977-C7AA-41E6-AF22-32E26143B63B}.Debug|Any CPU.ActiveCfg = Debug|Any CPU
		{1370E977-C7AA-41E6-AF22-32E26143B63B}.Debug|Any CPU.Build.0 = Debug|Any CPU
		{1370E977-C7AA-41E6-AF22-32E26143B63B}.Release|Any CPU.ActiveCfg = Release|Any CPU
		{1370E977-C7AA-41E6-AF22-32E26143B63B}.Release|Any CPU.Build.0 = Release|Any CPU
	EndGlobalSection
	GlobalSection(SolutionProperties) = preSolution
		HideSolutionNode = FALSE
	EndGlobalSection
	GlobalSection(ExtensibilityGlobals) = postSolution
		SolutionGuid = {FCCBAF0F-0ACF-48FE-ABC2-CB87BDA726C8}
	EndGlobalSection
EndGlobal
